// !$*UTF8*$!
{
	archiveVersion = 1;
	classes = {
	};
	objectVersion = 52;
	objects = {

/* Begin PBXBuildFile section */
		6512CEB227BB150700AE331B /* ArticleDetailViewController.swift in Sources */ = {isa = PBXBuildFile; fileRef = 6512CEB127BB150700AE331B /* ArticleDetailViewController.swift */; };
		65374CF427B1A2A900A7ED0C /* BaseCoordinator.swift in Sources */ = {isa = PBXBuildFile; fileRef = 65374CF327B1A2A900A7ED0C /* BaseCoordinator.swift */; };
		65374CF627B1A61900A7ED0C /* AppCoordinator.swift in Sources */ = {isa = PBXBuildFile; fileRef = 65374CF527B1A61900A7ED0C /* AppCoordinator.swift */; };
		655A29AA27ADF11A00ABF2D4 /* APIManager.swift in Sources */ = {isa = PBXBuildFile; fileRef = 655A29A927ADF11A00ABF2D4 /* APIManager.swift */; };
		655A29AD27ADFA3E00ABF2D4 /* Article.swift in Sources */ = {isa = PBXBuildFile; fileRef = 655A29AC27ADFA3D00ABF2D4 /* Article.swift */; };
		655A29B027ADFB5900ABF2D4 /* ArticleService.swift in Sources */ = {isa = PBXBuildFile; fileRef = 655A29AF27ADFB5900ABF2D4 /* ArticleService.swift */; };
		655A29B327ADFEA900ABF2D4 /* ArticleViewModel.swift in Sources */ = {isa = PBXBuildFile; fileRef = 655A29B227ADFEA900ABF2D4 /* ArticleViewModel.swift */; };
		6565D71B27E10C1C0047E843 /* TopHeadlinesViewModel.swift in Sources */ = {isa = PBXBuildFile; fileRef = 6565D71A27E10C1C0047E843 /* TopHeadlinesViewModel.swift */; };
		6565D71D27E10C520047E843 /* APIService.swift in Sources */ = {isa = PBXBuildFile; fileRef = 6565D71C27E10C520047E843 /* APIService.swift */; };
		6565D71F27E10CF70047E843 /* TopHeadlinesContentView.swift in Sources */ = {isa = PBXBuildFile; fileRef = 6565D71E27E10CF70047E843 /* TopHeadlinesContentView.swift */; };
		6565D72127E10D3F0047E843 /* ArticleDetailContentView.swift in Sources */ = {isa = PBXBuildFile; fileRef = 6565D72027E10D3F0047E843 /* ArticleDetailContentView.swift */; };
		6565D72327E10D5C0047E843 /* ImageOverlayContentView.swift in Sources */ = {isa = PBXBuildFile; fileRef = 6565D72227E10D5C0047E843 /* ImageOverlayContentView.swift */; };
		6565D72527E10D7F0047E843 /* MultiColorText.swift in Sources */ = {isa = PBXBuildFile; fileRef = 6565D72427E10D7F0047E843 /* MultiColorText.swift */; };
		6565D72727E10DB00047E843 /* CachedAsyncImage.swift in Sources */ = {isa = PBXBuildFile; fileRef = 6565D72627E10DB00047E843 /* CachedAsyncImage.swift */; };
		659373DD27AA459F00A34457 /* AppDelegate.swift in Sources */ = {isa = PBXBuildFile; fileRef = 659373DC27AA459F00A34457 /* AppDelegate.swift */; };
		659373DF27AA459F00A34457 /* SceneDelegate.swift in Sources */ = {isa = PBXBuildFile; fileRef = 659373DE27AA459F00A34457 /* SceneDelegate.swift */; };
		659373E127AA459F00A34457 /* NewsFeedViewController.swift in Sources */ = {isa = PBXBuildFile; fileRef = 659373E027AA459F00A34457 /* NewsFeedViewController.swift */; };
		659373E427AA459F00A34457 /* Main.storyboard in Resources */ = {isa = PBXBuildFile; fileRef = 659373E227AA459F00A34457 /* Main.storyboard */; };
		659373E627AA45A200A34457 /* Assets.xcassets in Resources */ = {isa = PBXBuildFile; fileRef = 659373E527AA45A200A34457 /* Assets.xcassets */; };
		659373E927AA45A200A34457 /* LaunchScreen.storyboard in Resources */ = {isa = PBXBuildFile; fileRef = 659373E727AA45A200A34457 /* LaunchScreen.storyboard */; };
		659373F427AA45A200A34457 /* NewsFeedTests.swift in Sources */ = {isa = PBXBuildFile; fileRef = 659373F327AA45A200A34457 /* NewsFeedTests.swift */; };
		659373FF27AA45A200A34457 /* NewsFeedUITests.swift in Sources */ = {isa = PBXBuildFile; fileRef = 659373FE27AA45A200A34457 /* NewsFeedUITests.swift */; };
		65B4A43727B82BA50018AD45 /* TopHeadlinesViewController.swift in Sources */ = {isa = PBXBuildFile; fileRef = 65B4A43627B82BA50018AD45 /* TopHeadlinesViewController.swift */; };
		65BC3F8727B3EA8B004F9C82 /* NewsArticles.swift in Sources */ = {isa = PBXBuildFile; fileRef = 65BC3F8627B3EA8B004F9C82 /* NewsArticles.swift */; };
		65C9FCE127B231A8002769F8 /* NewsFeedCoordinator.swift in Sources */ = {isa = PBXBuildFile; fileRef = 65C9FCE027B231A8002769F8 /* NewsFeedCoordinator.swift */; };
		65C9FCE627B243EF002769F8 /* NewsCollectionViewCell.xib in Resources */ = {isa = PBXBuildFile; fileRef = 65C9FCE527B243EF002769F8 /* NewsCollectionViewCell.xib */; };
		65C9FCE827B27894002769F8 /* NewsCollectionViewCell.swift in Sources */ = {isa = PBXBuildFile; fileRef = 65C9FCE727B27894002769F8 /* NewsCollectionViewCell.swift */; };
		65F7F99A27BA48BB0042136D /* ImageCache.swift in Sources */ = {isa = PBXBuildFile; fileRef = 65F7F99927BA48BB0042136D /* ImageCache.swift */; };
		65F7F99C27BA48C80042136D /* ImageLoader.swift in Sources */ = {isa = PBXBuildFile; fileRef = 65F7F99B27BA48C80042136D /* ImageLoader.swift */; };
		65F7F99D27BACC300042136D /* ImageCacheKit.xcframework in Frameworks */ = {isa = PBXBuildFile; fileRef = 65F7F99527BA48230042136D /* ImageCacheKit.xcframework */; };
		65F7F99E27BACC300042136D /* ImageCacheKit.xcframework in Embed Frameworks */ = {isa = PBXBuildFile; fileRef = 65F7F99527BA48230042136D /* ImageCacheKit.xcframework */; settings = {ATTRIBUTES = (CodeSignOnCopy, RemoveHeadersOnCopy, ); }; };
		65F7F9A127BACD050042136D /* BaseTabBarController.swift in Sources */ = {isa = PBXBuildFile; fileRef = 65F7F9A027BACD050042136D /* BaseTabBarController.swift */; };
		65F7F9A327BACD4D0042136D /* TabBarCoordinator.swift in Sources */ = {isa = PBXBuildFile; fileRef = 65F7F9A227BACD4D0042136D /* TabBarCoordinator.swift */; };
		65F7F9A627BACD950042136D /* TopHeadlinesCoordinator.swift in Sources */ = {isa = PBXBuildFile; fileRef = 65F7F9A527BACD950042136D /* TopHeadlinesCoordinator.swift */; };
		65F7F9AA27BAD7E80042136D /* APIKey.plist in Resources */ = {isa = PBXBuildFile; fileRef = 65F7F9A927BAD7E80042136D /* APIKey.plist */; };
/* End PBXBuildFile section */

/* Begin PBXContainerItemProxy section */
		659373F027AA45A200A34457 /* PBXContainerItemProxy */ = {
			isa = PBXContainerItemProxy;
			containerPortal = 659373D127AA459F00A34457 /* Project object */;
			proxyType = 1;
			remoteGlobalIDString = 659373D827AA459F00A34457;
			remoteInfo = NewsFeed;
		};
		659373FB27AA45A200A34457 /* PBXContainerItemProxy */ = {
			isa = PBXContainerItemProxy;
			containerPortal = 659373D127AA459F00A34457 /* Project object */;
			proxyType = 1;
			remoteGlobalIDString = 659373D827AA459F00A34457;
			remoteInfo = NewsFeed;
		};
/* End PBXContainerItemProxy section */

/* Begin PBXCopyFilesBuildPhase section */
		65F7F99F27BACC300042136D /* Embed Frameworks */ = {
			isa = PBXCopyFilesBuildPhase;
			buildActionMask = 2147483647;
			dstPath = "";
			dstSubfolderSpec = 10;
			files = (
				65F7F99E27BACC300042136D /* ImageCacheKit.xcframework in Embed Frameworks */,
			);
			name = "Embed Frameworks";
			runOnlyForDeploymentPostprocessing = 0;
		};
/* End PBXCopyFilesBuildPhase section */

/* Begin PBXFileReference section */
		6512CEB127BB150700AE331B /* ArticleDetailViewController.swift */ = {isa = PBXFileReference; lastKnownFileType = sourcecode.swift; path = ArticleDetailViewController.swift; sourceTree = "<group>"; };
		65374CF327B1A2A900A7ED0C /* BaseCoordinator.swift */ = {isa = PBXFileReference; lastKnownFileType = sourcecode.swift; path = BaseCoordinator.swift; sourceTree = "<group>"; };
		65374CF527B1A61900A7ED0C /* AppCoordinator.swift */ = {isa = PBXFileReference; lastKnownFileType = sourcecode.swift; path = AppCoordinator.swift; sourceTree = "<group>"; };
		655A29A927ADF11A00ABF2D4 /* APIManager.swift */ = {isa = PBXFileReference; lastKnownFileType = sourcecode.swift; path = APIManager.swift; sourceTree = "<group>"; };
		655A29AC27ADFA3D00ABF2D4 /* Article.swift */ = {isa = PBXFileReference; lastKnownFileType = sourcecode.swift; path = Article.swift; sourceTree = "<group>"; };
		655A29AF27ADFB5900ABF2D4 /* ArticleService.swift */ = {isa = PBXFileReference; lastKnownFileType = sourcecode.swift; path = ArticleService.swift; sourceTree = "<group>"; };
		655A29B227ADFEA900ABF2D4 /* ArticleViewModel.swift */ = {isa = PBXFileReference; lastKnownFileType = sourcecode.swift; path = ArticleViewModel.swift; sourceTree = "<group>"; };
		6565D71A27E10C1C0047E843 /* TopHeadlinesViewModel.swift */ = {isa = PBXFileReference; lastKnownFileType = sourcecode.swift; path = TopHeadlinesViewModel.swift; sourceTree = "<group>"; };
		6565D71C27E10C520047E843 /* APIService.swift */ = {isa = PBXFileReference; lastKnownFileType = sourcecode.swift; path = APIService.swift; sourceTree = "<group>"; };
		6565D71E27E10CF70047E843 /* TopHeadlinesContentView.swift */ = {isa = PBXFileReference; lastKnownFileType = sourcecode.swift; path = TopHeadlinesContentView.swift; sourceTree = "<group>"; };
		6565D72027E10D3F0047E843 /* ArticleDetailContentView.swift */ = {isa = PBXFileReference; lastKnownFileType = sourcecode.swift; path = ArticleDetailContentView.swift; sourceTree = "<group>"; };
		6565D72227E10D5C0047E843 /* ImageOverlayContentView.swift */ = {isa = PBXFileReference; lastKnownFileType = sourcecode.swift; path = ImageOverlayContentView.swift; sourceTree = "<group>"; };
		6565D72427E10D7F0047E843 /* MultiColorText.swift */ = {isa = PBXFileReference; lastKnownFileType = sourcecode.swift; path = MultiColorText.swift; sourceTree = "<group>"; };
		6565D72627E10DB00047E843 /* CachedAsyncImage.swift */ = {isa = PBXFileReference; lastKnownFileType = sourcecode.swift; path = CachedAsyncImage.swift; sourceTree = "<group>"; };
		659373D927AA459F00A34457 /* NewsFeed.app */ = {isa = PBXFileReference; explicitFileType = wrapper.application; includeInIndex = 0; path = NewsFeed.app; sourceTree = BUILT_PRODUCTS_DIR; };
		659373DC27AA459F00A34457 /* AppDelegate.swift */ = {isa = PBXFileReference; lastKnownFileType = sourcecode.swift; path = AppDelegate.swift; sourceTree = "<group>"; };
		659373DE27AA459F00A34457 /* SceneDelegate.swift */ = {isa = PBXFileReference; lastKnownFileType = sourcecode.swift; path = SceneDelegate.swift; sourceTree = "<group>"; };
		659373E027AA459F00A34457 /* NewsFeedViewController.swift */ = {isa = PBXFileReference; lastKnownFileType = sourcecode.swift; path = NewsFeedViewController.swift; sourceTree = "<group>"; };
		659373E327AA459F00A34457 /* Base */ = {isa = PBXFileReference; lastKnownFileType = file.storyboard; name = Base; path = Base.lproj/Main.storyboard; sourceTree = "<group>"; };
		659373E527AA45A200A34457 /* Assets.xcassets */ = {isa = PBXFileReference; lastKnownFileType = folder.assetcatalog; path = Assets.xcassets; sourceTree = "<group>"; };
		659373E827AA45A200A34457 /* Base */ = {isa = PBXFileReference; lastKnownFileType = file.storyboard; name = Base; path = Base.lproj/LaunchScreen.storyboard; sourceTree = "<group>"; };
		659373EA27AA45A200A34457 /* Info.plist */ = {isa = PBXFileReference; lastKnownFileType = text.plist.xml; path = Info.plist; sourceTree = "<group>"; };
		659373EF27AA45A200A34457 /* NewsFeedTests.xctest */ = {isa = PBXFileReference; explicitFileType = wrapper.cfbundle; includeInIndex = 0; path = NewsFeedTests.xctest; sourceTree = BUILT_PRODUCTS_DIR; };
		659373F327AA45A200A34457 /* NewsFeedTests.swift */ = {isa = PBXFileReference; lastKnownFileType = sourcecode.swift; path = NewsFeedTests.swift; sourceTree = "<group>"; };
		659373F527AA45A200A34457 /* Info.plist */ = {isa = PBXFileReference; lastKnownFileType = text.plist.xml; path = Info.plist; sourceTree = "<group>"; };
		659373FA27AA45A200A34457 /* NewsFeedUITests.xctest */ = {isa = PBXFileReference; explicitFileType = wrapper.cfbundle; includeInIndex = 0; path = NewsFeedUITests.xctest; sourceTree = BUILT_PRODUCTS_DIR; };
		659373FE27AA45A200A34457 /* NewsFeedUITests.swift */ = {isa = PBXFileReference; lastKnownFileType = sourcecode.swift; path = NewsFeedUITests.swift; sourceTree = "<group>"; };
		6593740027AA45A200A34457 /* Info.plist */ = {isa = PBXFileReference; lastKnownFileType = text.plist.xml; path = Info.plist; sourceTree = "<group>"; };
		65B4A43627B82BA50018AD45 /* TopHeadlinesViewController.swift */ = {isa = PBXFileReference; lastKnownFileType = sourcecode.swift; path = TopHeadlinesViewController.swift; sourceTree = "<group>"; };
		65BC3F8627B3EA8B004F9C82 /* NewsArticles.swift */ = {isa = PBXFileReference; lastKnownFileType = sourcecode.swift; path = NewsArticles.swift; sourceTree = "<group>"; };
		65C9FCE027B231A8002769F8 /* NewsFeedCoordinator.swift */ = {isa = PBXFileReference; lastKnownFileType = sourcecode.swift; path = NewsFeedCoordinator.swift; sourceTree = "<group>"; };
		65C9FCE527B243EF002769F8 /* NewsCollectionViewCell.xib */ = {isa = PBXFileReference; lastKnownFileType = file.xib; path = NewsCollectionViewCell.xib; sourceTree = "<group>"; };
		65C9FCE727B27894002769F8 /* NewsCollectionViewCell.swift */ = {isa = PBXFileReference; lastKnownFileType = sourcecode.swift; path = NewsCollectionViewCell.swift; sourceTree = "<group>"; };
		65F7F96A27BA45170042136D /* ImageCache.xcframework */ = {isa = PBXFileReference; lastKnownFileType = wrapper.xcframework; name = ImageCache.xcframework; path = ../ImageCache/build/ImageCache.xcframework; sourceTree = "<group>"; };
		65F7F99527BA48230042136D /* ImageCacheKit.xcframework */ = {isa = PBXFileReference; lastKnownFileType = wrapper.xcframework; name = ImageCacheKit.xcframework; path = ../ImageCacheKit/build/ImageCacheKit.xcframework; sourceTree = "<group>"; };
		65F7F99927BA48BB0042136D /* ImageCache.swift */ = {isa = PBXFileReference; fileEncoding = 4; lastKnownFileType = sourcecode.swift; path = ImageCache.swift; sourceTree = "<group>"; };
		65F7F99B27BA48C80042136D /* ImageLoader.swift */ = {isa = PBXFileReference; fileEncoding = 4; lastKnownFileType = sourcecode.swift; path = ImageLoader.swift; sourceTree = "<group>"; };
		65F7F9A027BACD050042136D /* BaseTabBarController.swift */ = {isa = PBXFileReference; lastKnownFileType = sourcecode.swift; path = BaseTabBarController.swift; sourceTree = "<group>"; };
		65F7F9A227BACD4D0042136D /* TabBarCoordinator.swift */ = {isa = PBXFileReference; lastKnownFileType = sourcecode.swift; path = TabBarCoordinator.swift; sourceTree = "<group>"; };
		65F7F9A527BACD950042136D /* TopHeadlinesCoordinator.swift */ = {isa = PBXFileReference; lastKnownFileType = sourcecode.swift; path = TopHeadlinesCoordinator.swift; sourceTree = "<group>"; };
		65F7F9A927BAD7E80042136D /* APIKey.plist */ = {isa = PBXFileReference; lastKnownFileType = text.plist.xml; path = APIKey.plist; sourceTree = "<group>"; };
/* End PBXFileReference section */

/* Begin PBXFrameworksBuildPhase section */
		659373D627AA459F00A34457 /* Frameworks */ = {
			isa = PBXFrameworksBuildPhase;
			buildActionMask = 2147483647;
			files = (
				65F7F99D27BACC300042136D /* ImageCacheKit.xcframework in Frameworks */,
			);
			runOnlyForDeploymentPostprocessing = 0;
		};
		659373EC27AA45A200A34457 /* Frameworks */ = {
			isa = PBXFrameworksBuildPhase;
			buildActionMask = 2147483647;
			files = (
			);
			runOnlyForDeploymentPostprocessing = 0;
		};
		659373F727AA45A200A34457 /* Frameworks */ = {
			isa = PBXFrameworksBuildPhase;
			buildActionMask = 2147483647;
			files = (
			);
			runOnlyForDeploymentPostprocessing = 0;
		};
/* End PBXFrameworksBuildPhase section */

/* Begin PBXGroup section */
		655A29A827ADF10200ABF2D4 /* Services */ = {
			isa = PBXGroup;
			children = (
				655A29AF27ADFB5900ABF2D4 /* ArticleService.swift */,
			);
			path = Services;
			sourceTree = "<group>";
		};
		655A29AB27ADF94200ABF2D4 /* Model */ = {
			isa = PBXGroup;
			children = (
				655A29AC27ADFA3D00ABF2D4 /* Article.swift */,
				65BC3F8627B3EA8B004F9C82 /* NewsArticles.swift */,
			);
			path = Model;
			sourceTree = "<group>";
		};
		655A29AE27ADFB2500ABF2D4 /* ViewModel */ = {
			isa = PBXGroup;
			children = (
				655A29B227ADFEA900ABF2D4 /* ArticleViewModel.swift */,
			);
			path = ViewModel;
			sourceTree = "<group>";
		};
		655A29B127ADFBA600ABF2D4 /* Services */ = {
			isa = PBXGroup;
			children = (
				655A29A927ADF11A00ABF2D4 /* APIManager.swift */,
				6565D71C27E10C520047E843 /* APIService.swift */,
			);
			path = Services;
			sourceTree = "<group>";
		};
		6565D71927E10BF30047E843 /* ViewModel */ = {
			isa = PBXGroup;
			children = (
				6565D71A27E10C1C0047E843 /* TopHeadlinesViewModel.swift */,
			);
			path = ViewModel;
			sourceTree = "<group>";
		};
		659373D027AA459F00A34457 = {
			isa = PBXGroup;
			children = (
				659373DB27AA459F00A34457 /* NewsFeed */,
				655A29B127ADFBA600ABF2D4 /* Services */,
				659373F227AA45A200A34457 /* NewsFeedTests */,
				659373FD27AA45A200A34457 /* NewsFeedUITests */,
				659373DA27AA459F00A34457 /* Products */,
				65F7F96927BA45170042136D /* Frameworks */,
			);
			sourceTree = "<group>";
		};
		659373DA27AA459F00A34457 /* Products */ = {
			isa = PBXGroup;
			children = (
				659373D927AA459F00A34457 /* NewsFeed.app */,
				659373EF27AA45A200A34457 /* NewsFeedTests.xctest */,
				659373FA27AA45A200A34457 /* NewsFeedUITests.xctest */,
			);
			name = Products;
			sourceTree = "<group>";
		};
		659373DB27AA459F00A34457 /* NewsFeed */ = {
			isa = PBXGroup;
			children = (
				65F7F9A827BAD10A0042136D /* Tab Bar */,
				65B4A43527B82B870018AD45 /* Top Headlines */,
				65C9FCE227B239FD002769F8 /* News */,
				65EA267127B66C3300C57BF0 /* Cache */,
				659373DC27AA459F00A34457 /* AppDelegate.swift */,
				65374CF327B1A2A900A7ED0C /* BaseCoordinator.swift */,
				65374CF527B1A61900A7ED0C /* AppCoordinator.swift */,
				659373DE27AA459F00A34457 /* SceneDelegate.swift */,
				659373E227AA459F00A34457 /* Main.storyboard */,
				659373E527AA45A200A34457 /* Assets.xcassets */,
				659373E727AA45A200A34457 /* LaunchScreen.storyboard */,
				659373EA27AA45A200A34457 /* Info.plist */,
				65F7F9A927BAD7E80042136D /* APIKey.plist */,
			);
			path = NewsFeed;
			sourceTree = "<group>";
		};
		659373F227AA45A200A34457 /* NewsFeedTests */ = {
			isa = PBXGroup;
			children = (
				659373F327AA45A200A34457 /* NewsFeedTests.swift */,
				659373F527AA45A200A34457 /* Info.plist */,
			);
			path = NewsFeedTests;
			sourceTree = "<group>";
		};
		659373FD27AA45A200A34457 /* NewsFeedUITests */ = {
			isa = PBXGroup;
			children = (
				659373FE27AA45A200A34457 /* NewsFeedUITests.swift */,
				6593740027AA45A200A34457 /* Info.plist */,
			);
			path = NewsFeedUITests;
			sourceTree = "<group>";
		};
		65B4A43527B82B870018AD45 /* Top Headlines */ = {
			isa = PBXGroup;
			children = (
				6565D71927E10BF30047E843 /* ViewModel */,
				65F7F9A427BACD7F0042136D /* Coordintator */,
				65F7F9A727BACDBB0042136D /* View */,
			);
			path = "Top Headlines";
			sourceTree = "<group>";
		};
		65C9FCE227B239FD002769F8 /* News */ = {
			isa = PBXGroup;
			children = (
				65C9FCE427B23A28002769F8 /* Coordinator */,
				65C9FCE327B23A18002769F8 /* View */,
				655A29AE27ADFB2500ABF2D4 /* ViewModel */,
				655A29AB27ADF94200ABF2D4 /* Model */,
				655A29A827ADF10200ABF2D4 /* Services */,
			);
			path = News;
			sourceTree = "<group>";
		};
		65C9FCE327B23A18002769F8 /* View */ = {
			isa = PBXGroup;
			children = (
				659373E027AA459F00A34457 /* NewsFeedViewController.swift */,
				6512CEB127BB150700AE331B /* ArticleDetailViewController.swift */,
				65C9FCE727B27894002769F8 /* NewsCollectionViewCell.swift */,
				65C9FCE527B243EF002769F8 /* NewsCollectionViewCell.xib */,
			);
			path = View;
			sourceTree = "<group>";
		};
		65C9FCE427B23A28002769F8 /* Coordinator */ = {
			isa = PBXGroup;
			children = (
				65C9FCE027B231A8002769F8 /* NewsFeedCoordinator.swift */,
			);
			path = Coordinator;
			sourceTree = "<group>";
		};
		65EA267127B66C3300C57BF0 /* Cache */ = {
			isa = PBXGroup;
			children = (
				65F7F99927BA48BB0042136D /* ImageCache.swift */,
				65F7F99B27BA48C80042136D /* ImageLoader.swift */,
				6565D72627E10DB00047E843 /* CachedAsyncImage.swift */,
			);
			path = Cache;
			sourceTree = "<group>";
		};
		65F7F96927BA45170042136D /* Frameworks */ = {
			isa = PBXGroup;
			children = (
				65F7F99527BA48230042136D /* ImageCacheKit.xcframework */,
				65F7F96A27BA45170042136D /* ImageCache.xcframework */,
			);
			name = Frameworks;
			sourceTree = "<group>";
		};
		65F7F9A427BACD7F0042136D /* Coordintator */ = {
			isa = PBXGroup;
			children = (
				65F7F9A527BACD950042136D /* TopHeadlinesCoordinator.swift */,
			);
			path = Coordintator;
			sourceTree = "<group>";
		};
		65F7F9A727BACDBB0042136D /* View */ = {
			isa = PBXGroup;
			children = (
				65B4A43627B82BA50018AD45 /* TopHeadlinesViewController.swift */,
				6565D71E27E10CF70047E843 /* TopHeadlinesContentView.swift */,
				6565D72027E10D3F0047E843 /* ArticleDetailContentView.swift */,
				6565D72227E10D5C0047E843 /* ImageOverlayContentView.swift */,
				6565D72427E10D7F0047E843 /* MultiColorText.swift */,
			);
			path = View;
			sourceTree = "<group>";
		};
		65F7F9A827BAD10A0042136D /* Tab Bar */ = {
			isa = PBXGroup;
			children = (
				65F7F9A027BACD050042136D /* BaseTabBarController.swift */,
				65F7F9A227BACD4D0042136D /* TabBarCoordinator.swift */,
			);
			path = "Tab Bar";
			sourceTree = "<group>";
		};
/* End PBXGroup section */

/* Begin PBXNativeTarget section */
		659373D827AA459F00A34457 /* NewsFeed */ = {
			isa = PBXNativeTarget;
			buildConfigurationList = 6593740327AA45A200A34457 /* Build configuration list for PBXNativeTarget "NewsFeed" */;
			buildPhases = (
				659373D527AA459F00A34457 /* Sources */,
				659373D627AA459F00A34457 /* Frameworks */,
				659373D727AA459F00A34457 /* Resources */,
				65F7F99F27BACC300042136D /* Embed Frameworks */,
			);
			buildRules = (
			);
			dependencies = (
			);
			name = NewsFeed;
			productName = NewsFeed;
			productReference = 659373D927AA459F00A34457 /* NewsFeed.app */;
			productType = "com.apple.product-type.application";
		};
		659373EE27AA45A200A34457 /* NewsFeedTests */ = {
			isa = PBXNativeTarget;
			buildConfigurationList = 6593740627AA45A200A34457 /* Build configuration list for PBXNativeTarget "NewsFeedTests" */;
			buildPhases = (
				659373EB27AA45A200A34457 /* Sources */,
				659373EC27AA45A200A34457 /* Frameworks */,
				659373ED27AA45A200A34457 /* Resources */,
			);
			buildRules = (
			);
			dependencies = (
				659373F127AA45A200A34457 /* PBXTargetDependency */,
			);
			name = NewsFeedTests;
			productName = NewsFeedTests;
			productReference = 659373EF27AA45A200A34457 /* NewsFeedTests.xctest */;
			productType = "com.apple.product-type.bundle.unit-test";
		};
		659373F927AA45A200A34457 /* NewsFeedUITests */ = {
			isa = PBXNativeTarget;
			buildConfigurationList = 6593740927AA45A200A34457 /* Build configuration list for PBXNativeTarget "NewsFeedUITests" */;
			buildPhases = (
				659373F627AA45A200A34457 /* Sources */,
				659373F727AA45A200A34457 /* Frameworks */,
				659373F827AA45A200A34457 /* Resources */,
			);
			buildRules = (
			);
			dependencies = (
				659373FC27AA45A200A34457 /* PBXTargetDependency */,
			);
			name = NewsFeedUITests;
			productName = NewsFeedUITests;
			productReference = 659373FA27AA45A200A34457 /* NewsFeedUITests.xctest */;
			productType = "com.apple.product-type.bundle.ui-testing";
		};
/* End PBXNativeTarget section */

/* Begin PBXProject section */
		659373D127AA459F00A34457 /* Project object */ = {
			isa = PBXProject;
			attributes = {
				LastSwiftUpdateCheck = 1250;
				LastUpgradeCheck = 1250;
				TargetAttributes = {
					659373D827AA459F00A34457 = {
						CreatedOnToolsVersion = 12.5.1;
					};
					659373EE27AA45A200A34457 = {
						CreatedOnToolsVersion = 12.5.1;
						TestTargetID = 659373D827AA459F00A34457;
					};
					659373F927AA45A200A34457 = {
						CreatedOnToolsVersion = 12.5.1;
						TestTargetID = 659373D827AA459F00A34457;
					};
				};
			};
			buildConfigurationList = 659373D427AA459F00A34457 /* Build configuration list for PBXProject "NewsFeed" */;
			compatibilityVersion = "Xcode 9.3";
			developmentRegion = en;
			hasScannedForEncodings = 0;
			knownRegions = (
				en,
				Base,
			);
			mainGroup = 659373D027AA459F00A34457;
			productRefGroup = 659373DA27AA459F00A34457 /* Products */;
			projectDirPath = "";
			projectRoot = "";
			targets = (
				659373D827AA459F00A34457 /* NewsFeed */,
				659373EE27AA45A200A34457 /* NewsFeedTests */,
				659373F927AA45A200A34457 /* NewsFeedUITests */,
			);
		};
/* End PBXProject section */

/* Begin PBXResourcesBuildPhase section */
		659373D727AA459F00A34457 /* Resources */ = {
			isa = PBXResourcesBuildPhase;
			buildActionMask = 2147483647;
			files = (
				65F7F9AA27BAD7E80042136D /* APIKey.plist in Resources */,
				659373E927AA45A200A34457 /* LaunchScreen.storyboard in Resources */,
				659373E627AA45A200A34457 /* Assets.xcassets in Resources */,
				659373E427AA459F00A34457 /* Main.storyboard in Resources */,
				65C9FCE627B243EF002769F8 /* NewsCollectionViewCell.xib in Resources */,
			);
			runOnlyForDeploymentPostprocessing = 0;
		};
		659373ED27AA45A200A34457 /* Resources */ = {
			isa = PBXResourcesBuildPhase;
			buildActionMask = 2147483647;
			files = (
			);
			runOnlyForDeploymentPostprocessing = 0;
		};
		659373F827AA45A200A34457 /* Resources */ = {
			isa = PBXResourcesBuildPhase;
			buildActionMask = 2147483647;
			files = (
			);
			runOnlyForDeploymentPostprocessing = 0;
		};
/* End PBXResourcesBuildPhase section */

/* Begin PBXSourcesBuildPhase section */
		659373D527AA459F00A34457 /* Sources */ = {
			isa = PBXSourcesBuildPhase;
			buildActionMask = 2147483647;
			files = (
				65F7F9A127BACD050042136D /* BaseTabBarController.swift in Sources */,
				6565D71D27E10C520047E843 /* APIService.swift in Sources */,
				655A29AA27ADF11A00ABF2D4 /* APIManager.swift in Sources */,
				6565D72527E10D7F0047E843 /* MultiColorText.swift in Sources */,
				6565D71B27E10C1C0047E843 /* TopHeadlinesViewModel.swift in Sources */,
				6565D71F27E10CF70047E843 /* TopHeadlinesContentView.swift in Sources */,
				6512CEB227BB150700AE331B /* ArticleDetailViewController.swift in Sources */,
				65B4A43727B82BA50018AD45 /* TopHeadlinesViewController.swift in Sources */,
				65F7F99C27BA48C80042136D /* ImageLoader.swift in Sources */,
				65F7F9A627BACD950042136D /* TopHeadlinesCoordinator.swift in Sources */,
				65BC3F8727B3EA8B004F9C82 /* NewsArticles.swift in Sources */,
				6565D72127E10D3F0047E843 /* ArticleDetailContentView.swift in Sources */,
				65F7F9A327BACD4D0042136D /* TabBarCoordinator.swift in Sources */,
				659373E127AA459F00A34457 /* NewsFeedViewController.swift in Sources */,
				6565D72727E10DB00047E843 /* CachedAsyncImage.swift in Sources */,
				655A29B027ADFB5900ABF2D4 /* ArticleService.swift in Sources */,
				65C9FCE827B27894002769F8 /* NewsCollectionViewCell.swift in Sources */,
				65C9FCE127B231A8002769F8 /* NewsFeedCoordinator.swift in Sources */,
				659373DD27AA459F00A34457 /* AppDelegate.swift in Sources */,
				659373DF27AA459F00A34457 /* SceneDelegate.swift in Sources */,
				655A29B327ADFEA900ABF2D4 /* ArticleViewModel.swift in Sources */,
				6565D72327E10D5C0047E843 /* ImageOverlayContentView.swift in Sources */,
				65374CF627B1A61900A7ED0C /* AppCoordinator.swift in Sources */,
				655A29AD27ADFA3E00ABF2D4 /* Article.swift in Sources */,
				65F7F99A27BA48BB0042136D /* ImageCache.swift in Sources */,
				65374CF427B1A2A900A7ED0C /* BaseCoordinator.swift in Sources */,
			);
			runOnlyForDeploymentPostprocessing = 0;
		};
		659373EB27AA45A200A34457 /* Sources */ = {
			isa = PBXSourcesBuildPhase;
			buildActionMask = 2147483647;
			files = (
				659373F427AA45A200A34457 /* NewsFeedTests.swift in Sources */,
			);
			runOnlyForDeploymentPostprocessing = 0;
		};
		659373F627AA45A200A34457 /* Sources */ = {
			isa = PBXSourcesBuildPhase;
			buildActionMask = 2147483647;
			files = (
				659373FF27AA45A200A34457 /* NewsFeedUITests.swift in Sources */,
			);
			runOnlyForDeploymentPostprocessing = 0;
		};
/* End PBXSourcesBuildPhase section */

/* Begin PBXTargetDependency section */
		659373F127AA45A200A34457 /* PBXTargetDependency */ = {
			isa = PBXTargetDependency;
			target = 659373D827AA459F00A34457 /* NewsFeed */;
			targetProxy = 659373F027AA45A200A34457 /* PBXContainerItemProxy */;
		};
		659373FC27AA45A200A34457 /* PBXTargetDependency */ = {
			isa = PBXTargetDependency;
			target = 659373D827AA459F00A34457 /* NewsFeed */;
			targetProxy = 659373FB27AA45A200A34457 /* PBXContainerItemProxy */;
		};
/* End PBXTargetDependency section */

/* Begin PBXVariantGroup section */
		659373E227AA459F00A34457 /* Main.storyboard */ = {
			isa = PBXVariantGroup;
			children = (
				659373E327AA459F00A34457 /* Base */,
			);
			name = Main.storyboard;
			sourceTree = "<group>";
		};
		659373E727AA45A200A34457 /* LaunchScreen.storyboard */ = {
			isa = PBXVariantGroup;
			children = (
				659373E827AA45A200A34457 /* Base */,
			);
			name = LaunchScreen.storyboard;
			sourceTree = "<group>";
		};
/* End PBXVariantGroup section */

/* Begin XCBuildConfiguration section */
		6593740127AA45A200A34457 /* Debug */ = {
			isa = XCBuildConfiguration;
			buildSettings = {
				ALWAYS_SEARCH_USER_PATHS = NO;
				CLANG_ANALYZER_NONNULL = YES;
				CLANG_ANALYZER_NUMBER_OBJECT_CONVERSION = YES_AGGRESSIVE;
				CLANG_CXX_LANGUAGE_STANDARD = "gnu++14";
				CLANG_CXX_LIBRARY = "libc++";
				CLANG_ENABLE_MODULES = YES;
				CLANG_ENABLE_OBJC_ARC = YES;
				CLANG_ENABLE_OBJC_WEAK = YES;
				CLANG_WARN_BLOCK_CAPTURE_AUTORELEASING = YES;
				CLANG_WARN_BOOL_CONVERSION = YES;
				CLANG_WARN_COMMA = YES;
				CLANG_WARN_CONSTANT_CONVERSION = YES;
				CLANG_WARN_DEPRECATED_OBJC_IMPLEMENTATIONS = YES;
				CLANG_WARN_DIRECT_OBJC_ISA_USAGE = YES_ERROR;
				CLANG_WARN_DOCUMENTATION_COMMENTS = YES;
				CLANG_WARN_EMPTY_BODY = YES;
				CLANG_WARN_ENUM_CONVERSION = YES;
				CLANG_WARN_INFINITE_RECURSION = YES;
				CLANG_WARN_INT_CONVERSION = YES;
				CLANG_WARN_NON_LITERAL_NULL_CONVERSION = YES;
				CLANG_WARN_OBJC_IMPLICIT_RETAIN_SELF = YES;
				CLANG_WARN_OBJC_LITERAL_CONVERSION = YES;
				CLANG_WARN_OBJC_ROOT_CLASS = YES_ERROR;
				CLANG_WARN_QUOTED_INCLUDE_IN_FRAMEWORK_HEADER = YES;
				CLANG_WARN_RANGE_LOOP_ANALYSIS = YES;
				CLANG_WARN_STRICT_PROTOTYPES = YES;
				CLANG_WARN_SUSPICIOUS_MOVE = YES;
				CLANG_WARN_UNGUARDED_AVAILABILITY = YES_AGGRESSIVE;
				CLANG_WARN_UNREACHABLE_CODE = YES;
				CLANG_WARN__DUPLICATE_METHOD_MATCH = YES;
				COPY_PHASE_STRIP = NO;
				DEBUG_INFORMATION_FORMAT = dwarf;
				ENABLE_STRICT_OBJC_MSGSEND = YES;
				ENABLE_TESTABILITY = YES;
				GCC_C_LANGUAGE_STANDARD = gnu11;
				GCC_DYNAMIC_NO_PIC = NO;
				GCC_NO_COMMON_BLOCKS = YES;
				GCC_OPTIMIZATION_LEVEL = 0;
				GCC_PREPROCESSOR_DEFINITIONS = (
					"DEBUG=1",
					"$(inherited)",
				);
				GCC_WARN_64_TO_32_BIT_CONVERSION = YES;
				GCC_WARN_ABOUT_RETURN_TYPE = YES_ERROR;
				GCC_WARN_UNDECLARED_SELECTOR = YES;
				GCC_WARN_UNINITIALIZED_AUTOS = YES_AGGRESSIVE;
				GCC_WARN_UNUSED_FUNCTION = YES;
				GCC_WARN_UNUSED_VARIABLE = YES;
				IPHONEOS_DEPLOYMENT_TARGET = 14.5;
				MTL_ENABLE_DEBUG_INFO = INCLUDE_SOURCE;
				MTL_FAST_MATH = YES;
				ONLY_ACTIVE_ARCH = YES;
				SDKROOT = iphoneos;
				SWIFT_ACTIVE_COMPILATION_CONDITIONS = DEBUG;
				SWIFT_OPTIMIZATION_LEVEL = "-Onone";
			};
			name = Debug;
		};
		6593740227AA45A200A34457 /* Release */ = {
			isa = XCBuildConfiguration;
			buildSettings = {
				ALWAYS_SEARCH_USER_PATHS = NO;
				CLANG_ANALYZER_NONNULL = YES;
				CLANG_ANALYZER_NUMBER_OBJECT_CONVERSION = YES_AGGRESSIVE;
				CLANG_CXX_LANGUAGE_STANDARD = "gnu++14";
				CLANG_CXX_LIBRARY = "libc++";
				CLANG_ENABLE_MODULES = YES;
				CLANG_ENABLE_OBJC_ARC = YES;
				CLANG_ENABLE_OBJC_WEAK = YES;
				CLANG_WARN_BLOCK_CAPTURE_AUTORELEASING = YES;
				CLANG_WARN_BOOL_CONVERSION = YES;
				CLANG_WARN_COMMA = YES;
				CLANG_WARN_CONSTANT_CONVERSION = YES;
				CLANG_WARN_DEPRECATED_OBJC_IMPLEMENTATIONS = YES;
				CLANG_WARN_DIRECT_OBJC_ISA_USAGE = YES_ERROR;
				CLANG_WARN_DOCUMENTATION_COMMENTS = YES;
				CLANG_WARN_EMPTY_BODY = YES;
				CLANG_WARN_ENUM_CONVERSION = YES;
				CLANG_WARN_INFINITE_RECURSION = YES;
				CLANG_WARN_INT_CONVERSION = YES;
				CLANG_WARN_NON_LITERAL_NULL_CONVERSION = YES;
				CLANG_WARN_OBJC_IMPLICIT_RETAIN_SELF = YES;
				CLANG_WARN_OBJC_LITERAL_CONVERSION = YES;
				CLANG_WARN_OBJC_ROOT_CLASS = YES_ERROR;
				CLANG_WARN_QUOTED_INCLUDE_IN_FRAMEWORK_HEADER = YES;
				CLANG_WARN_RANGE_LOOP_ANALYSIS = YES;
				CLANG_WARN_STRICT_PROTOTYPES = YES;
				CLANG_WARN_SUSPICIOUS_MOVE = YES;
				CLANG_WARN_UNGUARDED_AVAILABILITY = YES_AGGRESSIVE;
				CLANG_WARN_UNREACHABLE_CODE = YES;
				CLANG_WARN__DUPLICATE_METHOD_MATCH = YES;
				COPY_PHASE_STRIP = NO;
				DEBUG_INFORMATION_FORMAT = "dwarf-with-dsym";
				ENABLE_NS_ASSERTIONS = NO;
				ENABLE_STRICT_OBJC_MSGSEND = YES;
				GCC_C_LANGUAGE_STANDARD = gnu11;
				GCC_NO_COMMON_BLOCKS = YES;
				GCC_WARN_64_TO_32_BIT_CONVERSION = YES;
				GCC_WARN_ABOUT_RETURN_TYPE = YES_ERROR;
				GCC_WARN_UNDECLARED_SELECTOR = YES;
				GCC_WARN_UNINITIALIZED_AUTOS = YES_AGGRESSIVE;
				GCC_WARN_UNUSED_FUNCTION = YES;
				GCC_WARN_UNUSED_VARIABLE = YES;
				IPHONEOS_DEPLOYMENT_TARGET = 14.5;
				MTL_ENABLE_DEBUG_INFO = NO;
				MTL_FAST_MATH = YES;
				SDKROOT = iphoneos;
				SWIFT_COMPILATION_MODE = wholemodule;
				SWIFT_OPTIMIZATION_LEVEL = "-O";
				VALIDATE_PRODUCT = YES;
			};
			name = Release;
		};
		6593740427AA45A200A34457 /* Debug */ = {
			isa = XCBuildConfiguration;
			buildSettings = {
				ASSETCATALOG_COMPILER_APPICON_NAME = AppIcon;
				ASSETCATALOG_COMPILER_GLOBAL_ACCENT_COLOR_NAME = AccentColor;
				CODE_SIGN_STYLE = Automatic;
				DEVELOPMENT_TEAM = "";
				FRAMEWORK_SEARCH_PATHS = (
					"$(inherited)",
					"$(PROJECT_DIR)/NewsFeed/Cache",
				);
				INFOPLIST_FILE = NewsFeed/Info.plist;
				IPHONEOS_DEPLOYMENT_TARGET = 14.1;
				LD_RUNPATH_SEARCH_PATHS = (
					"$(inherited)",
					"@executable_path/Frameworks",
				);
				PRODUCT_BUNDLE_IDENTIFIER = com.sample.NewsFeed;
				PRODUCT_NAME = "$(TARGET_NAME)";
				SWIFT_VERSION = 5.0;
				TARGETED_DEVICE_FAMILY = "1,2";
			};
			name = Debug;
		};
		6593740527AA45A200A34457 /* Release */ = {
			isa = XCBuildConfiguration;
			buildSettings = {
				ASSETCATALOG_COMPILER_APPICON_NAME = AppIcon;
				ASSETCATALOG_COMPILER_GLOBAL_ACCENT_COLOR_NAME = AccentColor;
				CODE_SIGN_STYLE = Automatic;
				DEVELOPMENT_TEAM = "";
				FRAMEWORK_SEARCH_PATHS = (
					"$(inherited)",
					"$(PROJECT_DIR)/NewsFeed/Cache",
				);
				INFOPLIST_FILE = NewsFeed/Info.plist;
				IPHONEOS_DEPLOYMENT_TARGET = 14.1;
				LD_RUNPATH_SEARCH_PATHS = (
					"$(inherited)",
					"@executable_path/Frameworks",
				);
				PRODUCT_BUNDLE_IDENTIFIER = com.sample.NewsFeed;
				PRODUCT_NAME = "$(TARGET_NAME)";
				SWIFT_VERSION = 5.0;
				TARGETED_DEVICE_FAMILY = "1,2";
			};
			name = Release;
		};
		6593740727AA45A200A34457 /* Debug */ = {
			isa = XCBuildConfiguration;
			buildSettings = {
				ALWAYS_EMBED_SWIFT_STANDARD_LIBRARIES = YES;
				BUNDLE_LOADER = "$(TEST_HOST)";
				CODE_SIGN_STYLE = Automatic;
				INFOPLIST_FILE = NewsFeedTests/Info.plist;
				IPHONEOS_DEPLOYMENT_TARGET = 14.5;
				LD_RUNPATH_SEARCH_PATHS = (
					"$(inherited)",
					"@executable_path/Frameworks",
					"@loader_path/Frameworks",
				);
				PRODUCT_BUNDLE_IDENTIFIER = com.sample.NewsFeedTests;
				PRODUCT_NAME = "$(TARGET_NAME)";
				SWIFT_VERSION = 5.0;
				TARGETED_DEVICE_FAMILY = "1,2";
				TEST_HOST = "$(BUILT_PRODUCTS_DIR)/NewsFeed.app/NewsFeed";
			};
			name = Debug;
		};
		6593740827AA45A200A34457 /* Release */ = {
			isa = XCBuildConfiguration;
			buildSettings = {
				ALWAYS_EMBED_SWIFT_STANDARD_LIBRARIES = YES;
				BUNDLE_LOADER = "$(TEST_HOST)";
				CODE_SIGN_STYLE = Automatic;
				INFOPLIST_FILE = NewsFeedTests/Info.plist;
				IPHONEOS_DEPLOYMENT_TARGET = 14.5;
				LD_RUNPATH_SEARCH_PATHS = (
					"$(inherited)",
					"@executable_path/Frameworks",
					"@loader_path/Frameworks",
				);
				PRODUCT_BUNDLE_IDENTIFIER = com.sample.NewsFeedTests;
				PRODUCT_NAME = "$(TARGET_NAME)";
				SWIFT_VERSION = 5.0;
				TARGETED_DEVICE_FAMILY = "1,2";
				TEST_HOST = "$(BUILT_PRODUCTS_DIR)/NewsFeed.app/NewsFeed";
			};
			name = Release;
		};
		6593740A27AA45A200A34457 /* Debug */ = {
			isa = XCBuildConfiguration;
			buildSettings = {
				ALWAYS_EMBED_SWIFT_STANDARD_LIBRARIES = YES;
				CODE_SIGN_STYLE = Automatic;
				INFOPLIST_FILE = NewsFeedUITests/Info.plist;
				LD_RUNPATH_SEARCH_PATHS = (
					"$(inherited)",
					"@executable_path/Frameworks",
					"@loader_path/Frameworks",
				);
				PRODUCT_BUNDLE_IDENTIFIER = com.sample.NewsFeedUITests;
				PRODUCT_NAME = "$(TARGET_NAME)";
				SWIFT_VERSION = 5.0;
				TARGETED_DEVICE_FAMILY = "1,2";
				TEST_TARGET_NAME = NewsFeed;
			};
			name = Debug;
		};
		6593740B27AA45A200A34457 /* Release */ = {
			isa = XCBuildConfiguration;
			buildSettings = {
				ALWAYS_EMBED_SWIFT_STANDARD_LIBRARIES = YES;
				CODE_SIGN_STYLE = Automatic;
				INFOPLIST_FILE = NewsFeedUITests/Info.plist;
				LD_RUNPATH_SEARCH_PATHS = (
					"$(inherited)",
					"@executable_path/Frameworks",
					"@loader_path/Frameworks",
				);
				PRODUCT_BUNDLE_IDENTIFIER = com.sample.NewsFeedUITests;
				PRODUCT_NAME = "$(TARGET_NAME)";
				SWIFT_VERSION = 5.0;
				TARGETED_DEVICE_FAMILY = "1,2";
				TEST_TARGET_NAME = NewsFeed;
			};
			name = Release;
		};
/* End XCBuildConfiguration section */

/* Begin XCConfigurationList section */
		659373D427AA459F00A34457 /* Build configuration list for PBXProject "NewsFeed" */ = {
			isa = XCConfigurationList;
			buildConfigurations = (
				6593740127AA45A200A34457 /* Debug */,
				6593740227AA45A200A34457 /* Release */,
			);
			defaultConfigurationIsVisible = 0;
			defaultConfigurationName = Release;
		};
		6593740327AA45A200A34457 /* Build configuration list for PBXNativeTarget "NewsFeed" */ = {
			isa = XCConfigurationList;
			buildConfigurations = (
				6593740427AA45A200A34457 /* Debug */,
				6593740527AA45A200A34457 /* Release */,
			);
			defaultConfigurationIsVisible = 0;
			defaultConfigurationName = Release;
		};
		6593740627AA45A200A34457 /* Build configuration list for PBXNativeTarget "NewsFeedTests" */ = {
			isa = XCConfigurationList;
			buildConfigurations = (
				6593740727AA45A200A34457 /* Debug */,
				6593740827AA45A200A34457 /* Release */,
			);
			defaultConfigurationIsVisible = 0;
			defaultConfigurationName = Release;
		};
		6593740927AA45A200A34457 /* Build configuration list for PBXNativeTarget "NewsFeedUITests" */ = {
			isa = XCConfigurationList;
			buildConfigurations = (
				6593740A27AA45A200A34457 /* Debug */,
				6593740B27AA45A200A34457 /* Release */,
			);
			defaultConfigurationIsVisible = 0;
			defaultConfigurationName = Release;
		};
/* End XCConfigurationList section */
	};
	rootObject = 659373D127AA459F00A34457 /* Project object */;
}
